PODS:
  - FBAEMKit (12.2.1):
    - FBSDKCoreKit_Basics (= 12.2.1)
  - FBSDKCoreKit (12.2.1):
    - FBAEMKit (= 12.2.1)
    - FBSDKCoreKit_Basics (= 12.2.1)
  - FBSDKCoreKit_Basics (12.2.1)
  - Flutter (1.0.0)
  - flutter_facebook_sdk (0.0.1):
    - FBSDKCoreKit (~> 12.2.1)
    - Flutter

DEPENDENCIES:
  - Flutter (from `Flutter`)
  - flutter_facebook_sdk (from `.symlinks/plugins/flutter_facebook_sdk/ios`)

SPEC REPOS:
  trunk:
    - FBAEMKit
    - FBSDKCoreKit
    - FBSDKCoreKit_Basics

EXTERNAL SOURCES:
  Flutter:
    :path: Flutter
  flutter_facebook_sdk:
    :path: ".symlinks/plugins/flutter_facebook_sdk/ios"

SPEC CHECKSUMS:
  FBAEMKit: 4cea610d0bc1680572f2aad7b25db7a2f2690d82
  FBSDKCoreKit: 5b1992fe65802ca26be7e68bc4fac5f59fa39908
  FBSDKCoreKit_Basics: a6a92ca628e05f86f458a4721574c5ddfb058ba3
  Flutter: 50d75fe2f02b26cc09d224853bb45737f8b3214a
  flutter_facebook_sdk: d614423864abff853e8190a19dce95af75276210

PODFILE CHECKSUM: cc1f88378b4bfcf93a6ce00d2c587857c6008d3b

COCOAPODS: 1.11.2
